
Microsoft Visual Studio Solution File, Format Version 12.00
# Visual Studio Version 17
VisualStudioVersion = 17.3.32819.101
MinimumVisualStudioVersion = 10.0.40219.1
Project("{FAE04EC0-301F-11D3-BF4B-00C04F79EFBC}") = "ProiectASP", "ProiectASP\ProiectASP.csproj", "{88E37DCC-AFA8-4C29-8201-FC97B1FD9224}"
EndProject
Global
	GlobalSection(SolutionConfigurationPlatforms) = preSolution
		Debug|Any CPU = Debug|Any CPU
		Release|Any CPU = Release|Any CPU
	EndGlobalSection
	GlobalSection(ProjectConfigurationPlatforms) = postSolution
		{88E37DCC-AFA8-4C29-8201-FC97B1FD9224}.Debug|Any CPU.ActiveCfg = Debug|Any CPU
		{88E37DCC-AFA8-4C29-8201-FC97B1FD9224}.Debug|Any CPU.Build.0 = Debug|Any CPU
		{88E37DCC-AFA8-4C29-8201-FC97B1FD9224}.Release|Any CPU.ActiveCfg = Release|Any CPU
		{88E37DCC-AFA8-4C29-8201-FC97B1FD9224}.Release|Any CPU.Build.0 = Release|Any CPU
	EndGlobalSection
	GlobalSection(SolutionProperties) = preSolution
		HideSolutionNode = FALSE
	EndGlobalSection
	GlobalSection(ExtensibilityGlobals) = postSolution
		SolutionGuid = {216E2CC8-E5E8-4714-8439-F2C533976529}
	EndGlobalSection
EndGlobal
